{
  "name": "@obsidianjs/sentry",
  "version": "0.1.2",
  "lockfileVersion": 1,
  "requires": true,
  "dependencies": {
    "@sentry/browser": {
      "version": "5.7.0",
      "resolved": "https://registry.npmjs.org/@sentry/browser/-/browser-5.7.0.tgz",
      "integrity": "sha512-hbybYP5onstb8PfqjCubMuXkoXQBjZ3RCaxrOFLOIqpIxajrQ2zmbnaCzfBPWWwKeHa9P+i625OT973OhhHFMA==",
      "requires": {
        "@sentry/core": "5.7.0",
        "@sentry/types": "5.7.0",
        "@sentry/utils": "5.7.0",
        "tslib": "^1.9.3"
      }
    },
    "@sentry/core": {
      "version": "5.7.0",
      "resolved": "https://registry.npmjs.org/@sentry/core/-/core-5.7.0.tgz",
      "integrity": "sha512-gQel0d7LBSWJGHc7gfZllYAu+RRGD9GcYGmkRfemurmDyDGQDf/sfjiBi8f9QxUc2iFTHnvIR5nMTyf0U3yl3Q==",
      "requires": {
        "@sentry/hub": "5.7.0",
        "@sentry/minimal": "5.7.0",
        "@sentry/types": "5.7.0",
        "@sentry/utils": "5.7.0",
        "tslib": "^1.9.3"
      }
    },
    "@sentry/hub": {
      "version": "5.7.0",
      "resolved": "https://registry.npmjs.org/@sentry/hub/-/hub-5.7.0.tgz",
      "integrity": "sha512-qNdYheJ6j4P9Sk0eqIINpJohImmu/+trCwFb4F8BGLQth5iGMVQD6D0YUrgjf4ZaQwfhw9tv4W6VEfF5tyASoA==",
      "requires": {
        "@sentry/types": "5.7.0",
        "@sentry/utils": "5.7.0",
        "tslib": "^1.9.3"
      }
    },
    "@sentry/minimal": {
      "version": "5.7.0",
      "resolved": "https://registry.npmjs.org/@sentry/minimal/-/minimal-5.7.0.tgz",
      "integrity": "sha512-0sizE2prS9nmfLyVUKmVzFFFqRNr9iorSCCejwnlRe3crqKqjf84tuRSzm6NkZjIyYj9djuuo9l9XN12NLQ/4A==",
      "requires": {
        "@sentry/hub": "5.7.0",
        "@sentry/types": "5.7.0",
        "tslib": "^1.9.3"
      }
    },
    "@sentry/types": {
      "version": "5.7.0",
      "resolved": "https://registry.npmjs.org/@sentry/types/-/types-5.7.0.tgz",
      "integrity": "sha512-bFRVortg713dE2yJXNFgNe6sNBVVSkpoELLkGPatdVQi0dYc6OggIIX4UZZvkynFx72GwYqO1NOrtUcJY2gmMg=="
    },
    "@sentry/utils": {
      "version": "5.7.0",
      "resolved": "https://registry.npmjs.org/@sentry/utils/-/utils-5.7.0.tgz",
      "integrity": "sha512-XmwQpLqea9mj8x1N7P/l4JvnEb0Rn5Py5OtBgl0ctk090W+GB1uM8rl9mkMf6698o1s1Z8T/tI/QY0yFA5uZXg==",
      "requires": {
        "@sentry/types": "5.7.0",
        "tslib": "^1.9.3"
      }
    },
    "tslib": {
      "version": "1.10.0",
      "resolved": "https://registry.npmjs.org/tslib/-/tslib-1.10.0.tgz",
      "integrity": "sha512-qOebF53frne81cf0S9B41ByenJ3/IuH8yJKngAX35CmiZySA0khhkovshKK+jGCaMnVomla7gVlIcc3EvKPbTQ=="
    },
    "uuid": {
      "version": "3.3.2",
      "resolved": "https://registry.npmjs.org/uuid/-/uuid-3.3.2.tgz",
      "integrity": "sha512-yXJmeNaw3DnnKAOKJE51sL/ZaYfWJRl1pK9dr19YFCu0ObS231AB1/LbqTKRAQ5kw8A90rA6fr4riOUpTZvQZA=="
    }
  }
}
