{
  "name": "@obsidianjs/http-request",
  "version": "0.1.4",
  "lockfileVersion": 1,
  "requires": true,
  "dependencies": {
    "lodash": {
      "version": "4.17.10",
      "resolved": "https://registry.npmjs.org/lodash/-/lodash-4.17.10.tgz",
      "integrity": "sha512-UejweD1pDoXu+AD825lWwp4ZGtSwgnpZxb3JDViD7StjQz+Nb/6l093lx4OQ0foGWNRoc19mWy7BzL+UAK2iVg=="
    },
    "obsidian-http-request": {
      "version": "1.3.1",
      "resolved": "https://registry.npmjs.org/obsidian-http-request/-/obsidian-http-request-1.3.1.tgz",
      "integrity": "sha1-fZEuul/vCTLTjPR/5I52g0PS0v0=",
      "requires": {
        "lodash": "^4.2.0",
        "q": "^1.5.1"
      }
    },
    "q": {
      "version": "1.5.1",
      "resolved": "https://registry.npmjs.org/q/-/q-1.5.1.tgz",
      "integrity": "sha1-fjL3W0E4EpHQRhHxvxQQmsAGUdc="
    }
  }
}
