{
  "name": "@obsidianjs/stonejs",
  "version": "0.1.0",
  "lockfileVersion": 1,
  "requires": true,
  "dependencies": {
    "stonejs": {
      "version": "2.3.0",
      "resolved": "https://registry.npmjs.org/stonejs/-/stonejs-2.3.0.tgz",
      "integrity": "sha1-jDPm1e+zsbTMRcZPB5qZQY2Pm8k="
    }
  }
}
